
Microsoft Visual Studio Solution File, Format Version 12.00
# Visual Studio Version 17
VisualStudioVersion = 17.7.34024.191
MinimumVisualStudioVersion = 10.0.40219.1
Project("{FAE04EC0-301F-11D3-BF4B-00C04F79EFBC}") = "WebApp2", "WebApp2.csproj", "{CDB522D8-ECAB-4974-AC11-BF4E6500D6AA}"
EndProject
Global
	GlobalSection(SolutionConfigurationPlatforms) = preSolution
		Debug|Any CPU = Debug|Any CPU
		Release|Any CPU = Release|Any CPU
	EndGlobalSection
	GlobalSection(ProjectConfigurationPlatforms) = postSolution
		{CDB522D8-ECAB-4974-AC11-BF4E6500D6AA}.Debug|Any CPU.ActiveCfg = Debug|Any CPU
		{CDB522D8-ECAB-4974-AC11-BF4E6500D6AA}.Debug|Any CPU.Build.0 = Debug|Any CPU
		{CDB522D8-ECAB-4974-AC11-BF4E6500D6AA}.Release|Any CPU.ActiveCfg = Release|Any CPU
		{CDB522D8-ECAB-4974-AC11-BF4E6500D6AA}.Release|Any CPU.Build.0 = Release|Any CPU
	EndGlobalSection
	GlobalSection(SolutionProperties) = preSolution
		HideSolutionNode = FALSE
	EndGlobalSection
	GlobalSection(ExtensibilityGlobals) = postSolution
		SolutionGuid = {BE3A1571-909F-4F67-AB01-C1DE7E3535F1}
	EndGlobalSection
EndGlobal
